# generated by rye
# use `rye lock` or `rye sync` to update this lockfile
#
# last locked with the following flags:
#   pre: false
#   features: []
#   all-features: false
#   with-sources: false
#   generate-hashes: false
#   universal: false

-e file:.
beautifulsoup4==4.13.4
    # via novelcrawl
greenlet==3.2.3
    # via playwright
lxml==6.0.0
    # via novelcrawl
playwright==1.53.0
    # via novelcrawl
pyee==13.0.0
    # via playwright
soupsieve==2.7
    # via beautifulsoup4
typing-extensions==4.14.1
    # via beautifulsoup4
    # via pyee
